// !$*UTF8*$!
{
	archiveVersion = 1;
	classes = {
	};
	objectVersion = 50;
	objects = {

/* Begin PBXBuildFile section */
		07827F0F4078ABDA8681425B /* Pods_DYSwiftExample.framework in Frameworks */ = {isa = PBXBuildFile; fileRef = B64E6C2BE2E6C87F83D16EF1 /* Pods_DYSwiftExample.framework */; };
		6B13E150218F426500E9FD55 /* AppDelegate.swift in Sources */ = {isa = PBXBuildFile; fileRef = 6B13E14F218F426500E9FD55 /* AppDelegate.swift */; };
		6B13E152218F426500E9FD55 /* DynamicContentController.swift in Sources */ = {isa = PBXBuildFile; fileRef = 6B13E151218F426500E9FD55 /* DynamicContentController.swift */; };
		6B13E154218F426500E9FD55 /* RCOMController.swift in Sources */ = {isa = PBXBuildFile; fileRef = 6B13E153218F426500E9FD55 /* RCOMController.swift */; };
		6B13E157218F426500E9FD55 /* Main.storyboard in Resources */ = {isa = PBXBuildFile; fileRef = 6B13E155218F426500E9FD55 /* Main.storyboard */; };
		6B13E159218F426500E9FD55 /* Assets.xcassets in Resources */ = {isa = PBXBuildFile; fileRef = 6B13E158218F426500E9FD55 /* Assets.xcassets */; };
		6B13E15C218F426500E9FD55 /* LaunchScreen.storyboard in Resources */ = {isa = PBXBuildFile; fileRef = 6B13E15A218F426500E9FD55 /* LaunchScreen.storyboard */; };
		6B13E164218F439800E9FD55 /* DYBaseViewController.swift in Sources */ = {isa = PBXBuildFile; fileRef = 6B13E163218F439800E9FD55 /* DYBaseViewController.swift */; };
		6BEA15AA21C9186400388798 /* UserNotifications.framework in Frameworks */ = {isa = PBXBuildFile; fileRef = 6BEA15A921C9186400388798 /* UserNotifications.framework */; };
		6BEA15AC21C9186400388798 /* UserNotificationsUI.framework in Frameworks */ = {isa = PBXBuildFile; fileRef = 6BEA15AB21C9186400388798 /* UserNotificationsUI.framework */; };
		6BEA15AF21C9186400388798 /* NotificationViewController.swift in Sources */ = {isa = PBXBuildFile; fileRef = 6BEA15AE21C9186400388798 /* NotificationViewController.swift */; };
		6BEA15B221C9186400388798 /* MainInterface.storyboard in Resources */ = {isa = PBXBuildFile; fileRef = 6BEA15B021C9186400388798 /* MainInterface.storyboard */; };
		6BEA15B621C9186400388798 /* DYContentExtension.appex in Embed App Extensions */ = {isa = PBXBuildFile; fileRef = 6BEA15A821C9186400388798 /* DYContentExtension.appex */; settings = {ATTRIBUTES = (RemoveHeadersOnCopy, ); }; };
		6BEA15C221C9188A00388798 /* NotificationService.swift in Sources */ = {isa = PBXBuildFile; fileRef = 6BEA15C121C9188A00388798 /* NotificationService.swift */; };
		6BEA15C621C9188A00388798 /* DYServiceExtension.appex in Embed App Extensions */ = {isa = PBXBuildFile; fileRef = 6BEA15BF21C9188A00388798 /* DYServiceExtension.appex */; settings = {ATTRIBUTES = (RemoveHeadersOnCopy, ); }; };
		6BEA15CC21C9191700388798 /* DYSDK.framework in Frameworks */ = {isa = PBXBuildFile; fileRef = 6BEA15CB21C9191700388798 /* DYSDK.framework */; };
		6BEA15CD21C9192200388798 /* DYSDK.framework in Frameworks */ = {isa = PBXBuildFile; fileRef = 6BEA15CB21C9191700388798 /* DYSDK.framework */; };
/* End PBXBuildFile section */

/* Begin PBXContainerItemProxy section */
		6BEA15B421C9186400388798 /* PBXContainerItemProxy */ = {
			isa = PBXContainerItemProxy;
			containerPortal = 6B13E144218F426500E9FD55 /* Project object */;
			proxyType = 1;
			remoteGlobalIDString = 6BEA15A721C9186400388798;
			remoteInfo = DYContentExtension;
		};
		6BEA15C421C9188A00388798 /* PBXContainerItemProxy */ = {
			isa = PBXContainerItemProxy;
			containerPortal = 6B13E144218F426500E9FD55 /* Project object */;
			proxyType = 1;
			remoteGlobalIDString = 6BEA15BE21C9188A00388798;
			remoteInfo = DYServiceExtension;
		};
/* End PBXContainerItemProxy section */

/* Begin PBXCopyFilesBuildPhase section */
		6BEA15BA21C9186400388798 /* Embed App Extensions */ = {
			isa = PBXCopyFilesBuildPhase;
			buildActionMask = 2147483647;
			dstPath = "";
			dstSubfolderSpec = 13;
			files = (
				6BEA15B621C9186400388798 /* DYContentExtension.appex in Embed App Extensions */,
				6BEA15C621C9188A00388798 /* DYServiceExtension.appex in Embed App Extensions */,
			);
			name = "Embed App Extensions";
			runOnlyForDeploymentPostprocessing = 0;
		};
/* End PBXCopyFilesBuildPhase section */

/* Begin PBXFileReference section */
		18D3E20D3C73C905F6C716E5 /* Pods-DYSwiftExample.debug.xcconfig */ = {isa = PBXFileReference; includeInIndex = 1; lastKnownFileType = text.xcconfig; name = "Pods-DYSwiftExample.debug.xcconfig"; path = "Pods/Target Support Files/Pods-DYSwiftExample/Pods-DYSwiftExample.debug.xcconfig"; sourceTree = "<group>"; };
		6B13E14C218F426500E9FD55 /* DYSwiftExample.app */ = {isa = PBXFileReference; explicitFileType = wrapper.application; includeInIndex = 0; path = DYSwiftExample.app; sourceTree = BUILT_PRODUCTS_DIR; };
		6B13E14F218F426500E9FD55 /* AppDelegate.swift */ = {isa = PBXFileReference; lastKnownFileType = sourcecode.swift; path = AppDelegate.swift; sourceTree = "<group>"; };
		6B13E151218F426500E9FD55 /* DynamicContentController.swift */ = {isa = PBXFileReference; lastKnownFileType = sourcecode.swift; path = DynamicContentController.swift; sourceTree = "<group>"; };
		6B13E153218F426500E9FD55 /* RCOMController.swift */ = {isa = PBXFileReference; lastKnownFileType = sourcecode.swift; path = RCOMController.swift; sourceTree = "<group>"; };
		6B13E156218F426500E9FD55 /* Base */ = {isa = PBXFileReference; lastKnownFileType = file.storyboard; name = Base; path = Base.lproj/Main.storyboard; sourceTree = "<group>"; };
		6B13E158218F426500E9FD55 /* Assets.xcassets */ = {isa = PBXFileReference; lastKnownFileType = folder.assetcatalog; path = Assets.xcassets; sourceTree = "<group>"; };
		6B13E15B218F426500E9FD55 /* Base */ = {isa = PBXFileReference; lastKnownFileType = file.storyboard; name = Base; path = Base.lproj/LaunchScreen.storyboard; sourceTree = "<group>"; };
		6B13E15D218F426500E9FD55 /* Info.plist */ = {isa = PBXFileReference; lastKnownFileType = text.plist.xml; path = Info.plist; sourceTree = "<group>"; };
		6B13E163218F439800E9FD55 /* DYBaseViewController.swift */ = {isa = PBXFileReference; lastKnownFileType = sourcecode.swift; path = DYBaseViewController.swift; sourceTree = "<group>"; };
		6BEA15A821C9186400388798 /* DYContentExtension.appex */ = {isa = PBXFileReference; explicitFileType = "wrapper.app-extension"; includeInIndex = 0; path = DYContentExtension.appex; sourceTree = BUILT_PRODUCTS_DIR; };
		6BEA15A921C9186400388798 /* UserNotifications.framework */ = {isa = PBXFileReference; lastKnownFileType = wrapper.framework; name = UserNotifications.framework; path = System/Library/Frameworks/UserNotifications.framework; sourceTree = SDKROOT; };
		6BEA15AB21C9186400388798 /* UserNotificationsUI.framework */ = {isa = PBXFileReference; lastKnownFileType = wrapper.framework; name = UserNotificationsUI.framework; path = System/Library/Frameworks/UserNotificationsUI.framework; sourceTree = SDKROOT; };
		6BEA15AE21C9186400388798 /* NotificationViewController.swift */ = {isa = PBXFileReference; lastKnownFileType = sourcecode.swift; path = NotificationViewController.swift; sourceTree = "<group>"; };
		6BEA15B121C9186400388798 /* Base */ = {isa = PBXFileReference; lastKnownFileType = file.storyboard; name = Base; path = Base.lproj/MainInterface.storyboard; sourceTree = "<group>"; };
		6BEA15B321C9186400388798 /* Info.plist */ = {isa = PBXFileReference; lastKnownFileType = text.plist.xml; path = Info.plist; sourceTree = "<group>"; };
		6BEA15BF21C9188A00388798 /* DYServiceExtension.appex */ = {isa = PBXFileReference; explicitFileType = "wrapper.app-extension"; includeInIndex = 0; path = DYServiceExtension.appex; sourceTree = BUILT_PRODUCTS_DIR; };
		6BEA15C121C9188A00388798 /* NotificationService.swift */ = {isa = PBXFileReference; lastKnownFileType = sourcecode.swift; path = NotificationService.swift; sourceTree = "<group>"; };
		6BEA15C321C9188A00388798 /* Info.plist */ = {isa = PBXFileReference; lastKnownFileType = text.plist.xml; path = Info.plist; sourceTree = "<group>"; };
		6BEA15CA21C918BB00388798 /* DYSwiftExample.entitlements */ = {isa = PBXFileReference; lastKnownFileType = text.plist.entitlements; path = DYSwiftExample.entitlements; sourceTree = "<group>"; };
		6BEA15CB21C9191700388798 /* DYSDK.framework */ = {isa = PBXFileReference; lastKnownFileType = wrapper.framework; name = DYSDK.framework; path = "Pods/Dynamic-Yield-iOS-SDK/DYApi/DYSDK.framework"; sourceTree = "<group>"; };
		B64E6C2BE2E6C87F83D16EF1 /* Pods_DYSwiftExample.framework */ = {isa = PBXFileReference; explicitFileType = wrapper.framework; includeInIndex = 0; path = Pods_DYSwiftExample.framework; sourceTree = BUILT_PRODUCTS_DIR; };
		E2D13FE3C2AED552EA0E59A9 /* Pods-DYSwiftExample.release.xcconfig */ = {isa = PBXFileReference; includeInIndex = 1; lastKnownFileType = text.xcconfig; name = "Pods-DYSwiftExample.release.xcconfig"; path = "Pods/Target Support Files/Pods-DYSwiftExample/Pods-DYSwiftExample.release.xcconfig"; sourceTree = "<group>"; };
/* End PBXFileReference section */

/* Begin PBXFrameworksBuildPhase section */
		6B13E149218F426500E9FD55 /* Frameworks */ = {
			isa = PBXFrameworksBuildPhase;
			buildActionMask = 2147483647;
			files = (
				07827F0F4078ABDA8681425B /* Pods_DYSwiftExample.framework in Frameworks */,
			);
			runOnlyForDeploymentPostprocessing = 0;
		};
		6BEA15A521C9186400388798 /* Frameworks */ = {
			isa = PBXFrameworksBuildPhase;
			buildActionMask = 2147483647;
			files = (
				6BEA15CC21C9191700388798 /* DYSDK.framework in Frameworks */,
				6BEA15AC21C9186400388798 /* UserNotificationsUI.framework in Frameworks */,
				6BEA15AA21C9186400388798 /* UserNotifications.framework in Frameworks */,
			);
			runOnlyForDeploymentPostprocessing = 0;
		};
		6BEA15BC21C9188A00388798 /* Frameworks */ = {
			isa = PBXFrameworksBuildPhase;
			buildActionMask = 2147483647;
			files = (
				6BEA15CD21C9192200388798 /* DYSDK.framework in Frameworks */,
			);
			runOnlyForDeploymentPostprocessing = 0;
		};
/* End PBXFrameworksBuildPhase section */

/* Begin PBXGroup section */
		2301573838F5F18366A584D4 /* Frameworks */ = {
			isa = PBXGroup;
			children = (
				6BEA15CB21C9191700388798 /* DYSDK.framework */,
				B64E6C2BE2E6C87F83D16EF1 /* Pods_DYSwiftExample.framework */,
				6BEA15A921C9186400388798 /* UserNotifications.framework */,
				6BEA15AB21C9186400388798 /* UserNotificationsUI.framework */,
			);
			name = Frameworks;
			sourceTree = "<group>";
		};
		6B13E143218F426500E9FD55 = {
			isa = PBXGroup;
			children = (
				6B13E14E218F426500E9FD55 /* DYSwiftExample */,
				6BEA15AD21C9186400388798 /* DYContentExtension */,
				6BEA15C021C9188A00388798 /* DYServiceExtension */,
				6B13E14D218F426500E9FD55 /* Products */,
				AF39D0EF8BD3C1DE3B5E5044 /* Pods */,
				2301573838F5F18366A584D4 /* Frameworks */,
			);
			sourceTree = "<group>";
		};
		6B13E14D218F426500E9FD55 /* Products */ = {
			isa = PBXGroup;
			children = (
				6B13E14C218F426500E9FD55 /* DYSwiftExample.app */,
				6BEA15A821C9186400388798 /* DYContentExtension.appex */,
				6BEA15BF21C9188A00388798 /* DYServiceExtension.appex */,
			);
			name = Products;
			sourceTree = "<group>";
		};
		6B13E14E218F426500E9FD55 /* DYSwiftExample */ = {
			isa = PBXGroup;
			children = (
				6BEA15CA21C918BB00388798 /* DYSwiftExample.entitlements */,
				6B13E14F218F426500E9FD55 /* AppDelegate.swift */,
				6B13E163218F439800E9FD55 /* DYBaseViewController.swift */,
				6B13E151218F426500E9FD55 /* DynamicContentController.swift */,
				6B13E153218F426500E9FD55 /* RCOMController.swift */,
				6B13E155218F426500E9FD55 /* Main.storyboard */,
				6B13E158218F426500E9FD55 /* Assets.xcassets */,
				6B13E15A218F426500E9FD55 /* LaunchScreen.storyboard */,
				6B13E15D218F426500E9FD55 /* Info.plist */,
			);
			path = DYSwiftExample;
			sourceTree = "<group>";
		};
		6BEA15AD21C9186400388798 /* DYContentExtension */ = {
			isa = PBXGroup;
			children = (
				6BEA15AE21C9186400388798 /* NotificationViewController.swift */,
				6BEA15B021C9186400388798 /* MainInterface.storyboard */,
				6BEA15B321C9186400388798 /* Info.plist */,
			);
			path = DYContentExtension;
			sourceTree = "<group>";
		};
		6BEA15C021C9188A00388798 /* DYServiceExtension */ = {
			isa = PBXGroup;
			children = (
				6BEA15C121C9188A00388798 /* NotificationService.swift */,
				6BEA15C321C9188A00388798 /* Info.plist */,
			);
			path = DYServiceExtension;
			sourceTree = "<group>";
		};
		AF39D0EF8BD3C1DE3B5E5044 /* Pods */ = {
			isa = PBXGroup;
			children = (
				18D3E20D3C73C905F6C716E5 /* Pods-DYSwiftExample.debug.xcconfig */,
				E2D13FE3C2AED552EA0E59A9 /* Pods-DYSwiftExample.release.xcconfig */,
			);
			name = Pods;
			sourceTree = "<group>";
		};
/* End PBXGroup section */

/* Begin PBXNativeTarget section */
		6B13E14B218F426500E9FD55 /* DYSwiftExample */ = {
			isa = PBXNativeTarget;
			buildConfigurationList = 6B13E160218F426500E9FD55 /* Build configuration list for PBXNativeTarget "DYSwiftExample" */;
			buildPhases = (
				25A511A7F14A3B9C42110E76 /* [CP] Check Pods Manifest.lock */,
				6B13E148218F426500E9FD55 /* Sources */,
				6B13E149218F426500E9FD55 /* Frameworks */,
				6B13E14A218F426500E9FD55 /* Resources */,
				AC9663909CDFA53953DD421C /* [CP] Embed Pods Frameworks */,
				6BEA15BA21C9186400388798 /* Embed App Extensions */,
			);
			buildRules = (
			);
			dependencies = (
				6BEA15B521C9186400388798 /* PBXTargetDependency */,
				6BEA15C521C9188A00388798 /* PBXTargetDependency */,
			);
			name = DYSwiftExample;
			productName = DYSwiftExample;
			productReference = 6B13E14C218F426500E9FD55 /* DYSwiftExample.app */;
			productType = "com.apple.product-type.application";
		};
		6BEA15A721C9186400388798 /* DYContentExtension */ = {
			isa = PBXNativeTarget;
			buildConfigurationList = 6BEA15B921C9186400388798 /* Build configuration list for PBXNativeTarget "DYContentExtension" */;
			buildPhases = (
				6BEA15A421C9186400388798 /* Sources */,
				6BEA15A521C9186400388798 /* Frameworks */,
				6BEA15A621C9186400388798 /* Resources */,
			);
			buildRules = (
			);
			dependencies = (
			);
			name = DYContentExtension;
			productName = DYContentExtension;
			productReference = 6BEA15A821C9186400388798 /* DYContentExtension.appex */;
			productType = "com.apple.product-type.app-extension";
		};
		6BEA15BE21C9188A00388798 /* DYServiceExtension */ = {
			isa = PBXNativeTarget;
			buildConfigurationList = 6BEA15C721C9188A00388798 /* Build configuration list for PBXNativeTarget "DYServiceExtension" */;
			buildPhases = (
				6BEA15BB21C9188A00388798 /* Sources */,
				6BEA15BC21C9188A00388798 /* Frameworks */,
				6BEA15BD21C9188A00388798 /* Resources */,
			);
			buildRules = (
			);
			dependencies = (
			);
			name = DYServiceExtension;
			productName = DYServiceExtension;
			productReference = 6BEA15BF21C9188A00388798 /* DYServiceExtension.appex */;
			productType = "com.apple.product-type.app-extension";
		};
/* End PBXNativeTarget section */

/* Begin PBXProject section */
		6B13E144218F426500E9FD55 /* Project object */ = {
			isa = PBXProject;
			attributes = {
				LastSwiftUpdateCheck = 1010;
				LastUpgradeCheck = 1010;
				ORGANIZATIONNAME = "Dynamic Yield";
				TargetAttributes = {
					6B13E14B218F426500E9FD55 = {
						CreatedOnToolsVersion = 10.1;
						SystemCapabilities = {
							com.apple.Push = {
								enabled = 1;
							};
						};
					};
					6BEA15A721C9186400388798 = {
						CreatedOnToolsVersion = 10.1;
					};
					6BEA15BE21C9188A00388798 = {
						CreatedOnToolsVersion = 10.1;
					};
				};
			};
			buildConfigurationList = 6B13E147218F426500E9FD55 /* Build configuration list for PBXProject "DYSwiftExample" */;
			compatibilityVersion = "Xcode 9.3";
			developmentRegion = en;
			hasScannedForEncodings = 0;
			knownRegions = (
				en,
				Base,
			);
			mainGroup = 6B13E143218F426500E9FD55;
			productRefGroup = 6B13E14D218F426500E9FD55 /* Products */;
			projectDirPath = "";
			projectRoot = "";
			targets = (
				6B13E14B218F426500E9FD55 /* DYSwiftExample */,
				6BEA15A721C9186400388798 /* DYContentExtension */,
				6BEA15BE21C9188A00388798 /* DYServiceExtension */,
			);
		};
/* End PBXProject section */

/* Begin PBXResourcesBuildPhase section */
		6B13E14A218F426500E9FD55 /* Resources */ = {
			isa = PBXResourcesBuildPhase;
			buildActionMask = 2147483647;
			files = (
				6B13E15C218F426500E9FD55 /* LaunchScreen.storyboard in Resources */,
				6B13E159218F426500E9FD55 /* Assets.xcassets in Resources */,
				6B13E157218F426500E9FD55 /* Main.storyboard in Resources */,
			);
			runOnlyForDeploymentPostprocessing = 0;
		};
		6BEA15A621C9186400388798 /* Resources */ = {
			isa = PBXResourcesBuildPhase;
			buildActionMask = 2147483647;
			files = (
				6BEA15B221C9186400388798 /* MainInterface.storyboard in Resources */,
			);
			runOnlyForDeploymentPostprocessing = 0;
		};
		6BEA15BD21C9188A00388798 /* Resources */ = {
			isa = PBXResourcesBuildPhase;
			buildActionMask = 2147483647;
			files = (
			);
			runOnlyForDeploymentPostprocessing = 0;
		};
/* End PBXResourcesBuildPhase section */

/* Begin PBXShellScriptBuildPhase section */
		25A511A7F14A3B9C42110E76 /* [CP] Check Pods Manifest.lock */ = {
			isa = PBXShellScriptBuildPhase;
			buildActionMask = 2147483647;
			files = (
			);
			inputPaths = (
				"${PODS_PODFILE_DIR_PATH}/Podfile.lock",
				"${PODS_ROOT}/Manifest.lock",
			);
			name = "[CP] Check Pods Manifest.lock";
			outputPaths = (
				"$(DERIVED_FILE_DIR)/Pods-DYSwiftExample-checkManifestLockResult.txt",
			);
			runOnlyForDeploymentPostprocessing = 0;
			shellPath = /bin/sh;
			shellScript = "diff \"${PODS_PODFILE_DIR_PATH}/Podfile.lock\" \"${PODS_ROOT}/Manifest.lock\" > /dev/null\nif [ $? != 0 ] ; then\n    # print error to STDERR\n    echo \"error: The sandbox is not in sync with the Podfile.lock. Run 'pod install' or update your CocoaPods installation.\" >&2\n    exit 1\nfi\n# This output is used by Xcode 'outputs' to avoid re-running this script phase.\necho \"SUCCESS\" > \"${SCRIPT_OUTPUT_FILE_0}\"\n";
			showEnvVarsInLog = 0;
		};
		AC9663909CDFA53953DD421C /* [CP] Embed Pods Frameworks */ = {
			isa = PBXShellScriptBuildPhase;
			buildActionMask = 2147483647;
			files = (
			);
			inputPaths = (
				"${SRCROOT}/Pods/Target Support Files/Pods-DYSwiftExample/Pods-DYSwiftExample-frameworks.sh",
				"${BUILT_PRODUCTS_DIR}/BButton/BButton.framework",
				"${PODS_ROOT}/Dynamic-Yield-iOS-SDK/DYApi/DYSDK.framework",
				"${BUILT_PRODUCTS_DIR}/SVProgressHUD/SVProgressHUD.framework",
			);
			name = "[CP] Embed Pods Frameworks";
			outputPaths = (
				"${TARGET_BUILD_DIR}/${FRAMEWORKS_FOLDER_PATH}/BButton.framework",
				"${TARGET_BUILD_DIR}/${FRAMEWORKS_FOLDER_PATH}/DYSDK.framework",
				"${TARGET_BUILD_DIR}/${FRAMEWORKS_FOLDER_PATH}/SVProgressHUD.framework",
			);
			runOnlyForDeploymentPostprocessing = 0;
			shellPath = /bin/sh;
			shellScript = "\"${SRCROOT}/Pods/Target Support Files/Pods-DYSwiftExample/Pods-DYSwiftExample-frameworks.sh\"\n";
			showEnvVarsInLog = 0;
		};
/* End PBXShellScriptBuildPhase section */

/* Begin PBXSourcesBuildPhase section */
		6B13E148218F426500E9FD55 /* Sources */ = {
			isa = PBXSourcesBuildPhase;
			buildActionMask = 2147483647;
			files = (
				6B13E164218F439800E9FD55 /* DYBaseViewController.swift in Sources */,
				6B13E154218F426500E9FD55 /* RCOMController.swift in Sources */,
				6B13E150218F426500E9FD55 /* AppDelegate.swift in Sources */,
				6B13E152218F426500E9FD55 /* DynamicContentController.swift in Sources */,
			);
			runOnlyForDeploymentPostprocessing = 0;
		};
		6BEA15A421C9186400388798 /* Sources */ = {
			isa = PBXSourcesBuildPhase;
			buildActionMask = 2147483647;
			files = (
				6BEA15AF21C9186400388798 /* NotificationViewController.swift in Sources */,
			);
			runOnlyForDeploymentPostprocessing = 0;
		};
		6BEA15BB21C9188A00388798 /* Sources */ = {
			isa = PBXSourcesBuildPhase;
			buildActionMask = 2147483647;
			files = (
				6BEA15C221C9188A00388798 /* NotificationService.swift in Sources */,
			);
			runOnlyForDeploymentPostprocessing = 0;
		};
/* End PBXSourcesBuildPhase section */

/* Begin PBXTargetDependency section */
		6BEA15B521C9186400388798 /* PBXTargetDependency */ = {
			isa = PBXTargetDependency;
			target = 6BEA15A721C9186400388798 /* DYContentExtension */;
			targetProxy = 6BEA15B421C9186400388798 /* PBXContainerItemProxy */;
		};
		6BEA15C521C9188A00388798 /* PBXTargetDependency */ = {
			isa = PBXTargetDependency;
			target = 6BEA15BE21C9188A00388798 /* DYServiceExtension */;
			targetProxy = 6BEA15C421C9188A00388798 /* PBXContainerItemProxy */;
		};
/* End PBXTargetDependency section */

/* Begin PBXVariantGroup section */
		6B13E155218F426500E9FD55 /* Main.storyboard */ = {
			isa = PBXVariantGroup;
			children = (
				6B13E156218F426500E9FD55 /* Base */,
			);
			name = Main.storyboard;
			sourceTree = "<group>";
		};
		6B13E15A218F426500E9FD55 /* LaunchScreen.storyboard */ = {
			isa = PBXVariantGroup;
			children = (
				6B13E15B218F426500E9FD55 /* Base */,
			);
			name = LaunchScreen.storyboard;
			sourceTree = "<group>";
		};
		6BEA15B021C9186400388798 /* MainInterface.storyboard */ = {
			isa = PBXVariantGroup;
			children = (
				6BEA15B121C9186400388798 /* Base */,
			);
			name = MainInterface.storyboard;
			sourceTree = "<group>";
		};
/* End PBXVariantGroup section */

/* Begin XCBuildConfiguration section */
		6B13E15E218F426500E9FD55 /* Debug */ = {
			isa = XCBuildConfiguration;
			buildSettings = {
				ALWAYS_SEARCH_USER_PATHS = NO;
				CLANG_ANALYZER_NONNULL = YES;
				CLANG_ANALYZER_NUMBER_OBJECT_CONVERSION = YES_AGGRESSIVE;
				CLANG_CXX_LANGUAGE_STANDARD = "gnu++14";
				CLANG_CXX_LIBRARY = "libc++";
				CLANG_ENABLE_MODULES = YES;
				CLANG_ENABLE_OBJC_ARC = YES;
				CLANG_ENABLE_OBJC_WEAK = YES;
				CLANG_WARN_BLOCK_CAPTURE_AUTORELEASING = YES;
				CLANG_WARN_BOOL_CONVERSION = YES;
				CLANG_WARN_COMMA = YES;
				CLANG_WARN_CONSTANT_CONVERSION = YES;
				CLANG_WARN_DEPRECATED_OBJC_IMPLEMENTATIONS = YES;
				CLANG_WARN_DIRECT_OBJC_ISA_USAGE = YES_ERROR;
				CLANG_WARN_DOCUMENTATION_COMMENTS = YES;
				CLANG_WARN_EMPTY_BODY = YES;
				CLANG_WARN_ENUM_CONVERSION = YES;
				CLANG_WARN_INFINITE_RECURSION = YES;
				CLANG_WARN_INT_CONVERSION = YES;
				CLANG_WARN_NON_LITERAL_NULL_CONVERSION = YES;
				CLANG_WARN_OBJC_IMPLICIT_RETAIN_SELF = YES;
				CLANG_WARN_OBJC_LITERAL_CONVERSION = YES;
				CLANG_WARN_OBJC_ROOT_CLASS = YES_ERROR;
				CLANG_WARN_RANGE_LOOP_ANALYSIS = YES;
				CLANG_WARN_STRICT_PROTOTYPES = YES;
				CLANG_WARN_SUSPICIOUS_MOVE = YES;
				CLANG_WARN_UNGUARDED_AVAILABILITY = YES_AGGRESSIVE;
				CLANG_WARN_UNREACHABLE_CODE = YES;
				CLANG_WARN__DUPLICATE_METHOD_MATCH = YES;
				CODE_SIGN_IDENTITY = "iPhone Developer";
				COPY_PHASE_STRIP = NO;
				DEBUG_INFORMATION_FORMAT = dwarf;
				ENABLE_STRICT_OBJC_MSGSEND = YES;
				ENABLE_TESTABILITY = YES;
				GCC_C_LANGUAGE_STANDARD = gnu11;
				GCC_DYNAMIC_NO_PIC = NO;
				GCC_NO_COMMON_BLOCKS = YES;
				GCC_OPTIMIZATION_LEVEL = 0;
				GCC_PREPROCESSOR_DEFINITIONS = (
					"DEBUG=1",
					"$(inherited)",
				);
				GCC_WARN_64_TO_32_BIT_CONVERSION = YES;
				GCC_WARN_ABOUT_RETURN_TYPE = YES_ERROR;
				GCC_WARN_UNDECLARED_SELECTOR = YES;
				GCC_WARN_UNINITIALIZED_AUTOS = YES_AGGRESSIVE;
				GCC_WARN_UNUSED_FUNCTION = YES;
				GCC_WARN_UNUSED_VARIABLE = YES;
				IPHONEOS_DEPLOYMENT_TARGET = 12.1;
				MTL_ENABLE_DEBUG_INFO = INCLUDE_SOURCE;
				MTL_FAST_MATH = YES;
				ONLY_ACTIVE_ARCH = YES;
				SDKROOT = iphoneos;
				SWIFT_ACTIVE_COMPILATION_CONDITIONS = DEBUG;
				SWIFT_OPTIMIZATION_LEVEL = "-Onone";
			};
			name = Debug;
		};
		6B13E15F218F426500E9FD55 /* Release */ = {
			isa = XCBuildConfiguration;
			buildSettings = {
				ALWAYS_SEARCH_USER_PATHS = NO;
				CLANG_ANALYZER_NONNULL = YES;
				CLANG_ANALYZER_NUMBER_OBJECT_CONVERSION = YES_AGGRESSIVE;
				CLANG_CXX_LANGUAGE_STANDARD = "gnu++14";
				CLANG_CXX_LIBRARY = "libc++";
				CLANG_ENABLE_MODULES = YES;
				CLANG_ENABLE_OBJC_ARC = YES;
				CLANG_ENABLE_OBJC_WEAK = YES;
				CLANG_WARN_BLOCK_CAPTURE_AUTORELEASING = YES;
				CLANG_WARN_BOOL_CONVERSION = YES;
				CLANG_WARN_COMMA = YES;
				CLANG_WARN_CONSTANT_CONVERSION = YES;
				CLANG_WARN_DEPRECATED_OBJC_IMPLEMENTATIONS = YES;
				CLANG_WARN_DIRECT_OBJC_ISA_USAGE = YES_ERROR;
				CLANG_WARN_DOCUMENTATION_COMMENTS = YES;
				CLANG_WARN_EMPTY_BODY = YES;
				CLANG_WARN_ENUM_CONVERSION = YES;
				CLANG_WARN_INFINITE_RECURSION = YES;
				CLANG_WARN_INT_CONVERSION = YES;
				CLANG_WARN_NON_LITERAL_NULL_CONVERSION = YES;
				CLANG_WARN_OBJC_IMPLICIT_RETAIN_SELF = YES;
				CLANG_WARN_OBJC_LITERAL_CONVERSION = YES;
				CLANG_WARN_OBJC_ROOT_CLASS = YES_ERROR;
				CLANG_WARN_RANGE_LOOP_ANALYSIS = YES;
				CLANG_WARN_STRICT_PROTOTYPES = YES;
				CLANG_WARN_SUSPICIOUS_MOVE = YES;
				CLANG_WARN_UNGUARDED_AVAILABILITY = YES_AGGRESSIVE;
				CLANG_WARN_UNREACHABLE_CODE = YES;
				CLANG_WARN__DUPLICATE_METHOD_MATCH = YES;
				CODE_SIGN_IDENTITY = "iPhone Developer";
				COPY_PHASE_STRIP = NO;
				DEBUG_INFORMATION_FORMAT = "dwarf-with-dsym";
				ENABLE_NS_ASSERTIONS = NO;
				ENABLE_STRICT_OBJC_MSGSEND = YES;
				GCC_C_LANGUAGE_STANDARD = gnu11;
				GCC_NO_COMMON_BLOCKS = YES;
				GCC_WARN_64_TO_32_BIT_CONVERSION = YES;
				GCC_WARN_ABOUT_RETURN_TYPE = YES_ERROR;
				GCC_WARN_UNDECLARED_SELECTOR = YES;
				GCC_WARN_UNINITIALIZED_AUTOS = YES_AGGRESSIVE;
				GCC_WARN_UNUSED_FUNCTION = YES;
				GCC_WARN_UNUSED_VARIABLE = YES;
				IPHONEOS_DEPLOYMENT_TARGET = 12.1;
				MTL_ENABLE_DEBUG_INFO = NO;
				MTL_FAST_MATH = YES;
				SDKROOT = iphoneos;
				SWIFT_COMPILATION_MODE = wholemodule;
				SWIFT_OPTIMIZATION_LEVEL = "-O";
				VALIDATE_PRODUCT = YES;
			};
			name = Release;
		};
		6B13E161218F426500E9FD55 /* Debug */ = {
			isa = XCBuildConfiguration;
			baseConfigurationReference = 18D3E20D3C73C905F6C716E5 /* Pods-DYSwiftExample.debug.xcconfig */;
			buildSettings = {
				ALWAYS_EMBED_SWIFT_STANDARD_LIBRARIES = YES;
				ASSETCATALOG_COMPILER_APPICON_NAME = AppIcon;
				CODE_SIGN_ENTITLEMENTS = DYSwiftExample/DYSwiftExample.entitlements;
				CODE_SIGN_STYLE = Automatic;
				DEVELOPMENT_TEAM = MXDK3E2B7J;
				INFOPLIST_FILE = DYSwiftExample/Info.plist;
				IPHONEOS_DEPLOYMENT_TARGET = 9.0;
				LD_RUNPATH_SEARCH_PATHS = (
					"$(inherited)",
					"@executable_path/Frameworks",
				);
				PRODUCT_BUNDLE_IDENTIFIER = com.dynamicyield.dyswift;
				PRODUCT_NAME = "$(TARGET_NAME)";
				SWIFT_VERSION = 4.2;
				TARGETED_DEVICE_FAMILY = "1,2";
			};
			name = Debug;
		};
		6B13E162218F426500E9FD55 /* Release */ = {
			isa = XCBuildConfiguration;
			baseConfigurationReference = E2D13FE3C2AED552EA0E59A9 /* Pods-DYSwiftExample.release.xcconfig */;
			buildSettings = {
				ALWAYS_EMBED_SWIFT_STANDARD_LIBRARIES = YES;
				ASSETCATALOG_COMPILER_APPICON_NAME = AppIcon;
				CODE_SIGN_ENTITLEMENTS = DYSwiftExample/DYSwiftExample.entitlements;
				CODE_SIGN_STYLE = Automatic;
				DEVELOPMENT_TEAM = MXDK3E2B7J;
				INFOPLIST_FILE = DYSwiftExample/Info.plist;
				IPHONEOS_DEPLOYMENT_TARGET = 9.0;
				LD_RUNPATH_SEARCH_PATHS = (
					"$(inherited)",
					"@executable_path/Frameworks",
				);
				PRODUCT_BUNDLE_IDENTIFIER = com.dynamicyield.dyswift;
				PRODUCT_NAME = "$(TARGET_NAME)";
				SWIFT_VERSION = 4.2;
				TARGETED_DEVICE_FAMILY = "1,2";
			};
			name = Release;
		};
		6BEA15B721C9186400388798 /* Debug */ = {
			isa = XCBuildConfiguration;
			buildSettings = {
				APPLICATION_EXTENSION_API_ONLY = NO;
				CODE_SIGN_STYLE = Automatic;
				DEVELOPMENT_TEAM = MXDK3E2B7J;
				FRAMEWORK_SEARCH_PATHS = (
					"$(inherited)",
					"$(PROJECT_DIR)/Pods/Dynamic-Yield-iOS-SDK/DYApi",
				);
				INFOPLIST_FILE = DYContentExtension/Info.plist;
				IPHONEOS_DEPLOYMENT_TARGET = 10.0;
				LD_RUNPATH_SEARCH_PATHS = (
					"$(inherited)",
					"@executable_path/Frameworks",
					"@executable_path/../../Frameworks",
				);
				PRODUCT_BUNDLE_IDENTIFIER = com.dynamicyield.dyswift.DYContentExtension;
				PRODUCT_NAME = "$(TARGET_NAME)";
				SKIP_INSTALL = YES;
				SWIFT_VERSION = 4.2;
				TARGETED_DEVICE_FAMILY = "1,2";
			};
			name = Debug;
		};
		6BEA15B821C9186400388798 /* Release */ = {
			isa = XCBuildConfiguration;
			buildSettings = {
				APPLICATION_EXTENSION_API_ONLY = NO;
				CODE_SIGN_STYLE = Automatic;
				DEVELOPMENT_TEAM = MXDK3E2B7J;
				FRAMEWORK_SEARCH_PATHS = (
					"$(inherited)",
					"$(PROJECT_DIR)/Pods/Dynamic-Yield-iOS-SDK/DYApi",
				);
				INFOPLIST_FILE = DYContentExtension/Info.plist;
				IPHONEOS_DEPLOYMENT_TARGET = 10.0;
				LD_RUNPATH_SEARCH_PATHS = (
					"$(inherited)",
					"@executable_path/Frameworks",
					"@executable_path/../../Frameworks",
				);
				PRODUCT_BUNDLE_IDENTIFIER = com.dynamicyield.dyswift.DYContentExtension;
				PRODUCT_NAME = "$(TARGET_NAME)";
				SKIP_INSTALL = YES;
				SWIFT_VERSION = 4.2;
				TARGETED_DEVICE_FAMILY = "1,2";
			};
			name = Release;
		};
		6BEA15C821C9188A00388798 /* Debug */ = {
			isa = XCBuildConfiguration;
			buildSettings = {
				APPLICATION_EXTENSION_API_ONLY = NO;
				CODE_SIGN_IDENTITY = "iPhone Developer";
				CODE_SIGN_STYLE = Automatic;
				DEVELOPMENT_TEAM = MXDK3E2B7J;
				FRAMEWORK_SEARCH_PATHS = (
					"$(inherited)",
					"$(PROJECT_DIR)/Pods/Dynamic-Yield-iOS-SDK/DYApi",
				);
				INFOPLIST_FILE = DYServiceExtension/Info.plist;
				IPHONEOS_DEPLOYMENT_TARGET = 10.0;
				LD_RUNPATH_SEARCH_PATHS = (
					"$(inherited)",
					"@executable_path/Frameworks",
					"@executable_path/../../Frameworks",
				);
				PRODUCT_BUNDLE_IDENTIFIER = com.dynamicyield.dyswift.DYServiceExtension;
				PRODUCT_NAME = "$(TARGET_NAME)";
				PROVISIONING_PROFILE_SPECIFIER = "";
				SKIP_INSTALL = YES;
				SWIFT_VERSION = 4.2;
				TARGETED_DEVICE_FAMILY = "1,2";
			};
			name = Debug;
		};
		6BEA15C921C9188A00388798 /* Release */ = {
			isa = XCBuildConfiguration;
			buildSettings = {
				APPLICATION_EXTENSION_API_ONLY = NO;
				CODE_SIGN_IDENTITY = "iPhone Developer";
				CODE_SIGN_STYLE = Automatic;
				DEVELOPMENT_TEAM = MXDK3E2B7J;
				FRAMEWORK_SEARCH_PATHS = (
					"$(inherited)",
					"$(PROJECT_DIR)/Pods/Dynamic-Yield-iOS-SDK/DYApi",
				);
				INFOPLIST_FILE = DYServiceExtension/Info.plist;
				IPHONEOS_DEPLOYMENT_TARGET = 10.0;
				LD_RUNPATH_SEARCH_PATHS = (
					"$(inherited)",
					"@executable_path/Frameworks",
					"@executable_path/../../Frameworks",
				);
				PRODUCT_BUNDLE_IDENTIFIER = com.dynamicyield.dyswift.DYServiceExtension;
				PRODUCT_NAME = "$(TARGET_NAME)";
				PROVISIONING_PROFILE_SPECIFIER = "";
				SKIP_INSTALL = YES;
				SWIFT_VERSION = 4.2;
				TARGETED_DEVICE_FAMILY = "1,2";
			};
			name = Release;
		};
/* End XCBuildConfiguration section */

/* Begin XCConfigurationList section */
		6B13E147218F426500E9FD55 /* Build configuration list for PBXProject "DYSwiftExample" */ = {
			isa = XCConfigurationList;
			buildConfigurations = (
				6B13E15E218F426500E9FD55 /* Debug */,
				6B13E15F218F426500E9FD55 /* Release */,
			);
			defaultConfigurationIsVisible = 0;
			defaultConfigurationName = Release;
		};
		6B13E160218F426500E9FD55 /* Build configuration list for PBXNativeTarget "DYSwiftExample" */ = {
			isa = XCConfigurationList;
			buildConfigurations = (
				6B13E161218F426500E9FD55 /* Debug */,
				6B13E162218F426500E9FD55 /* Release */,
			);
			defaultConfigurationIsVisible = 0;
			defaultConfigurationName = Release;
		};
		6BEA15B921C9186400388798 /* Build configuration list for PBXNativeTarget "DYContentExtension" */ = {
			isa = XCConfigurationList;
			buildConfigurations = (
				6BEA15B721C9186400388798 /* Debug */,
				6BEA15B821C9186400388798 /* Release */,
			);
			defaultConfigurationIsVisible = 0;
			defaultConfigurationName = Release;
		};
		6BEA15C721C9188A00388798 /* Build configuration list for PBXNativeTarget "DYServiceExtension" */ = {
			isa = XCConfigurationList;
			buildConfigurations = (
				6BEA15C821C9188A00388798 /* Debug */,
				6BEA15C921C9188A00388798 /* Release */,
			);
			defaultConfigurationIsVisible = 0;
			defaultConfigurationName = Release;
		};
/* End XCConfigurationList section */
	};
	rootObject = 6B13E144218F426500E9FD55 /* Project object */;
}
